
Microsoft Visual Studio Solution File, Format Version 10.00
# Visual Studio 2008
Project("{E24C65DC-7377-472B-9ABA-BC803B73C61A}") = "CRUD", "..\..\WebSites\CRUD\", "{2388DEDB-08E0-4B6B-B1EC-2D97D2F497B6}"
	ProjectSection(WebsiteProperties) = preProject
		TargetFramework = "3.5"
		Debug.AspNetCompiler.VirtualPath = "/CRUD"
		Debug.AspNetCompiler.PhysicalPath = "..\..\WebSites\CRUD\"
		Debug.AspNetCompiler.TargetPath = "PrecompiledWeb\CRUD\"
		Debug.AspNetCompiler.Updateable = "true"
		Debug.AspNetCompiler.ForceOverwrite = "true"
		Debug.AspNetCompiler.FixedNames = "false"
		Debug.AspNetCompiler.Debug = "True"
		Release.AspNetCompiler.VirtualPath = "/CRUD"
		Release.AspNetCompiler.PhysicalPath = "..\..\WebSites\CRUD\"
		Release.AspNetCompiler.TargetPath = "PrecompiledWeb\CRUD\"
		Release.AspNetCompiler.Updateable = "true"
		Release.AspNetCompiler.ForceOverwrite = "true"
		Release.AspNetCompiler.FixedNames = "false"
		Release.AspNetCompiler.Debug = "False"
		VWDPort = "51477"
		DefaultWebSiteLanguage = "Visual C#"
	EndProjectSection
EndProject
Global
	GlobalSection(SolutionConfigurationPlatforms) = preSolution
		Debug|Any CPU = Debug|Any CPU
	EndGlobalSection
	GlobalSection(ProjectConfigurationPlatforms) = postSolution
		{2388DEDB-08E0-4B6B-B1EC-2D97D2F497B6}.Debug|Any CPU.ActiveCfg = Debug|Any CPU
		{2388DEDB-08E0-4B6B-B1EC-2D97D2F497B6}.Debug|Any CPU.Build.0 = Debug|Any CPU
	EndGlobalSection
	GlobalSection(SolutionProperties) = preSolution
		HideSolutionNode = FALSE
	EndGlobalSection
EndGlobal
